
Microsoft Visual Studio Solution File, Format Version 12.00
# Visual Studio Version 16
VisualStudioVersion = 16.0.30114.105
MinimumVisualStudioVersion = 10.0.40219.1
Project("{2150E333-8FDC-42A3-9474-1A3956D46DE8}") = "src", "src", "{7E64A727-597A-47FB-A7BB-6D5D29EABDE2}"
EndProject
Project("{FAE04EC0-301F-11D3-BF4B-00C04F79EFBC}") = "Application", "src\Application\Application.csproj", "{28B6B2F3-13F3-42F2-8099-D6C9131BD753}"
EndProject
Project("{FAE04EC0-301F-11D3-BF4B-00C04F79EFBC}") = "Domain", "src\Domain\Domain.csproj", "{ECDDB508-E92D-412C-ACEC-D1FEFB863708}"
EndProject
Project("{FAE04EC0-301F-11D3-BF4B-00C04F79EFBC}") = "Service", "src\Service\Service.csproj", "{077E0730-0A3A-41DB-B6F8-CAEC2289F26D}"
EndProject
Project("{FAE04EC0-301F-11D3-BF4B-00C04F79EFBC}") = "Infrastructure", "src\Infrastructure\Infrastructure.csproj", "{84F9195C-E333-4A75-95C1-D8F35FC4F34D}"
EndProject
Project("{2150E333-8FDC-42A3-9474-1A3956D46DE8}") = "Tests", "Tests", "{C5E9288E-AC36-4F51-991E-68CEE9AFE5DA}"
EndProject
Project("{FAE04EC0-301F-11D3-BF4B-00C04F79EFBC}") = "UnitTests", "src\Tests\UnitTests\UnitTests.csproj", "{58DD29E9-B89B-4A03-9B9C-AA2483E54F1E}"
EndProject
Global
	GlobalSection(SolutionConfigurationPlatforms) = preSolution
		Debug|Any CPU = Debug|Any CPU
		Release|Any CPU = Release|Any CPU
	EndGlobalSection
	GlobalSection(SolutionProperties) = preSolution
		HideSolutionNode = FALSE
	EndGlobalSection
	GlobalSection(ProjectConfigurationPlatforms) = postSolution
		{28B6B2F3-13F3-42F2-8099-D6C9131BD753}.Debug|Any CPU.ActiveCfg = Debug|Any CPU
		{28B6B2F3-13F3-42F2-8099-D6C9131BD753}.Debug|Any CPU.Build.0 = Debug|Any CPU
		{28B6B2F3-13F3-42F2-8099-D6C9131BD753}.Release|Any CPU.ActiveCfg = Release|Any CPU
		{28B6B2F3-13F3-42F2-8099-D6C9131BD753}.Release|Any CPU.Build.0 = Release|Any CPU
		{ECDDB508-E92D-412C-ACEC-D1FEFB863708}.Debug|Any CPU.ActiveCfg = Debug|Any CPU
		{ECDDB508-E92D-412C-ACEC-D1FEFB863708}.Debug|Any CPU.Build.0 = Debug|Any CPU
		{ECDDB508-E92D-412C-ACEC-D1FEFB863708}.Release|Any CPU.ActiveCfg = Release|Any CPU
		{ECDDB508-E92D-412C-ACEC-D1FEFB863708}.Release|Any CPU.Build.0 = Release|Any CPU
		{077E0730-0A3A-41DB-B6F8-CAEC2289F26D}.Debug|Any CPU.ActiveCfg = Debug|Any CPU
		{077E0730-0A3A-41DB-B6F8-CAEC2289F26D}.Debug|Any CPU.Build.0 = Debug|Any CPU
		{077E0730-0A3A-41DB-B6F8-CAEC2289F26D}.Release|Any CPU.ActiveCfg = Release|Any CPU
		{077E0730-0A3A-41DB-B6F8-CAEC2289F26D}.Release|Any CPU.Build.0 = Release|Any CPU
		{84F9195C-E333-4A75-95C1-D8F35FC4F34D}.Debug|Any CPU.ActiveCfg = Debug|Any CPU
		{84F9195C-E333-4A75-95C1-D8F35FC4F34D}.Debug|Any CPU.Build.0 = Debug|Any CPU
		{84F9195C-E333-4A75-95C1-D8F35FC4F34D}.Release|Any CPU.ActiveCfg = Release|Any CPU
		{84F9195C-E333-4A75-95C1-D8F35FC4F34D}.Release|Any CPU.Build.0 = Release|Any CPU
		{58DD29E9-B89B-4A03-9B9C-AA2483E54F1E}.Debug|Any CPU.ActiveCfg = Debug|Any CPU
		{58DD29E9-B89B-4A03-9B9C-AA2483E54F1E}.Debug|Any CPU.Build.0 = Debug|Any CPU
		{58DD29E9-B89B-4A03-9B9C-AA2483E54F1E}.Release|Any CPU.ActiveCfg = Release|Any CPU
		{58DD29E9-B89B-4A03-9B9C-AA2483E54F1E}.Release|Any CPU.Build.0 = Release|Any CPU
	EndGlobalSection
	GlobalSection(NestedProjects) = preSolution
		{28B6B2F3-13F3-42F2-8099-D6C9131BD753} = {7E64A727-597A-47FB-A7BB-6D5D29EABDE2}
		{ECDDB508-E92D-412C-ACEC-D1FEFB863708} = {7E64A727-597A-47FB-A7BB-6D5D29EABDE2}
		{077E0730-0A3A-41DB-B6F8-CAEC2289F26D} = {7E64A727-597A-47FB-A7BB-6D5D29EABDE2}
		{84F9195C-E333-4A75-95C1-D8F35FC4F34D} = {7E64A727-597A-47FB-A7BB-6D5D29EABDE2}
		{C5E9288E-AC36-4F51-991E-68CEE9AFE5DA} = {7E64A727-597A-47FB-A7BB-6D5D29EABDE2}
		{58DD29E9-B89B-4A03-9B9C-AA2483E54F1E} = {C5E9288E-AC36-4F51-991E-68CEE9AFE5DA}
	EndGlobalSection
EndGlobal
